
Microsoft Visual Studio Solution File, Format Version 12.00
# Visual Studio Version 16
VisualStudioVersion = 16.0.29926.136
MinimumVisualStudioVersion = 10.0.40219.1
Project("{FAE04EC0-301F-11D3-BF4B-00C04F79EFBC}") = "LogEmitter", "LogEmitter\LogEmitter.csproj", "{0AD146EA-0B72-4C36-942F-50589BE7A4BB}"
EndProject
Project("{FAE04EC0-301F-11D3-BF4B-00C04F79EFBC}") = "FileDump", "FileDump\FileDump.csproj", "{FA3FB83E-B5A7-43CE-A658-750C37B2E445}"
EndProject
Project("{FAE04EC0-301F-11D3-BF4B-00C04F79EFBC}") = "LogAnalysis", "LogAnalysis\LogAnalysis.csproj", "{4C7BBB2E-F70C-4305-9694-66ABBEE1DEC4}"
EndProject
Global
	GlobalSection(SolutionConfigurationPlatforms) = preSolution
		Debug|Any CPU = Debug|Any CPU
		Release|Any CPU = Release|Any CPU
	EndGlobalSection
	GlobalSection(ProjectConfigurationPlatforms) = postSolution
		{0AD146EA-0B72-4C36-942F-50589BE7A4BB}.Debug|Any CPU.ActiveCfg = Debug|Any CPU
		{0AD146EA-0B72-4C36-942F-50589BE7A4BB}.Debug|Any CPU.Build.0 = Debug|Any CPU
		{0AD146EA-0B72-4C36-942F-50589BE7A4BB}.Release|Any CPU.ActiveCfg = Release|Any CPU
		{0AD146EA-0B72-4C36-942F-50589BE7A4BB}.Release|Any CPU.Build.0 = Release|Any CPU
		{FA3FB83E-B5A7-43CE-A658-750C37B2E445}.Debug|Any CPU.ActiveCfg = Debug|Any CPU
		{FA3FB83E-B5A7-43CE-A658-750C37B2E445}.Debug|Any CPU.Build.0 = Debug|Any CPU
		{FA3FB83E-B5A7-43CE-A658-750C37B2E445}.Release|Any CPU.ActiveCfg = Release|Any CPU
		{FA3FB83E-B5A7-43CE-A658-750C37B2E445}.Release|Any CPU.Build.0 = Release|Any CPU
		{4C7BBB2E-F70C-4305-9694-66ABBEE1DEC4}.Debug|Any CPU.ActiveCfg = Debug|Any CPU
		{4C7BBB2E-F70C-4305-9694-66ABBEE1DEC4}.Debug|Any CPU.Build.0 = Debug|Any CPU
		{4C7BBB2E-F70C-4305-9694-66ABBEE1DEC4}.Release|Any CPU.ActiveCfg = Release|Any CPU
		{4C7BBB2E-F70C-4305-9694-66ABBEE1DEC4}.Release|Any CPU.Build.0 = Release|Any CPU
	EndGlobalSection
	GlobalSection(SolutionProperties) = preSolution
		HideSolutionNode = FALSE
	EndGlobalSection
	GlobalSection(ExtensibilityGlobals) = postSolution
		SolutionGuid = {664C7C36-1DA8-4319-9B1C-0E248268A9BB}
	EndGlobalSection
EndGlobal
